<?xml version="1.0" encoding="utf-8"?>
<Project ToolsVersion="4.0" xmlns="http://schemas.microsoft.com/developer/msbuild/2003">
  <ItemGroup>
    <Filter Include="Source Files">
      <UniqueIdentifier>{4FC737F1-C7A5-4376-A066-2A32D752A2FF}</UniqueIdentifier>
      <Extensions>cpp;c;cc;cxx;c++;cppm;ixx;def;odl;idl;hpj;bat;asm;asmx</Extensions>
    </Filter>
    <Filter Include="Resource Files">
      <UniqueIdentifier>{67DA6AB6-F800-4c08-8B7A-83BB121AAD01}</UniqueIdentifier>
      <Extensions>rc;ico;cur;bmp;dlg;rc2;rct;bin;rgs;gif;jpg;jpeg;jpe;resx;tiff;tif;png;wav;mfcribbon-ms</Extensions>
    </Filter>
    <Filter Include="Shader Code">
      <UniqueIdentifier>{fb3df8f0-dc17-4b1d-a9aa-e0fb4038e331}</UniqueIdentifier>
    </Filter>
    <Filter Include="Dependencies">
      <UniqueIdentifier>{17defddd-e9e2-45ab-b02f-5a6a4dcaff51}</UniqueIdentifier>
    </Filter>
    <Filter Include="Source Files\Implementation Files">
      <UniqueIdentifier>{4f99b74d-45c9-4851-b0b3-3cd6b5a74709}</UniqueIdentifier>
    </Filter>
    <Filter Include="Source Files\Implementation Files\ImGUI">
      <UniqueIdentifier>{5f75ea76-9ad0-4503-b33a-fd9217d55842}</UniqueIdentifier>
    </Filter>
    <Filter Include="Source Files\Header Files">
      <UniqueIdentifier>{8bd3c277-278d-4f35-b7cc-38ba5f381c34}</UniqueIdentifier>
    </Filter>
  </ItemGroup>
  <ItemGroup>
    <ClCompile Include="..\..\..\..\..\..\OpenGL\Libs + includes\Includes\ImGui\imgui_widgets.cpp">
      <Filter>Source Files\Implementation Files\ImGUI</Filter>
    </ClCompile>
    <ClCompile Include="..\..\..\..\..\..\OpenGL\Libs + includes\Includes\ImGui\imgui.cpp">
      <Filter>Source Files\Implementation Files\ImGUI</Filter>
    </ClCompile>
    <ClCompile Include="..\..\..\..\..\..\OpenGL\Libs + includes\Includes\ImGui\imgui_demo.cpp">
      <Filter>Source Files\Implementation Files\ImGUI</Filter>
    </ClCompile>
    <ClCompile Include="..\..\..\..\..\..\OpenGL\Libs + includes\Includes\ImGui\imgui_draw.cpp">
      <Filter>Source Files\Implementation Files\ImGUI</Filter>
    </ClCompile>
    <ClCompile Include="..\..\..\..\..\..\OpenGL\Libs + includes\Includes\ImGui\imgui_impl_glfw.cpp">
      <Filter>Source Files\Implementation Files\ImGUI</Filter>
    </ClCompile>
    <ClCompile Include="..\..\..\..\..\..\OpenGL\Libs + includes\Includes\ImGui\imgui_impl_opengl3.cpp">
      <Filter>Source Files\Implementation Files\ImGUI</Filter>
    </ClCompile>
    <ClCompile Include="..\..\..\..\..\..\OpenGL\Libs + includes\Includes\ImGui\imgui_tables.cpp">
      <Filter>Source Files\Implementation Files\ImGUI</Filter>
    </ClCompile>
    <ClCompile Include="..\..\..\..\..\..\OpenGL\glad 2\src\glad.c">
      <Filter>Source Files\Implementation Files</Filter>
    </ClCompile>
    <ClCompile Include="Src\source.cpp">
      <Filter>Source Files</Filter>
    </ClCompile>
  </ItemGroup>
  <ItemGroup>
    <None Include="Src\Shaders\fragmentShader.frag">
      <Filter>Shader Code</Filter>
    </None>
    <None Include="Src\Shaders\vertexShader.vert">
      <Filter>Shader Code</Filter>
    </None>
    <None Include="Src\Shaders\vertexShader_NonInstanced.vert">
      <Filter>Shader Code</Filter>
    </None>
    <None Include="Src\Shaders\fragmentShader_NonInstanced.frag">
      <Filter>Shader Code</Filter>
    </None>
  </ItemGroup>
  <ItemGroup>
    <ClInclude Include="Src\Headers\helpers.h">
      <Filter>Source Files\Header Files</Filter>
    </ClInclude>
    <ClInclude Include="Src\Headers\particle.h">
      <Filter>Source Files\Header Files</Filter>
    </ClInclude>
    <ClInclude Include="Src\Headers\physics_handler.h">
      <Filter>Source Files\Header Files</Filter>
    </ClInclude>
    <ClInclude Include="Src\Headers\setup.h">
      <Filter>Source Files\Header Files</Filter>
    </ClInclude>
    <ClInclude Include="Src\Headers\gridLookup.h">
      <Filter>Source Files\Header Files</Filter>
    </ClInclude>
  </ItemGroup>
</Project>